
Microsoft Visual Studio Solution File, Format Version 12.00
# Visual Studio Version 17
VisualStudioVersion = 17.1.32210.238
MinimumVisualStudioVersion = 10.0.40219.1
Project("{9A19103F-16F7-4668-BE54-9A1E7A4F7556}") = "Abby_", "Abby_\Abby_.csproj", "{FC1FC7CA-E068-4920-B86A-A2BDAA7B561E}"
EndProject
Global
	GlobalSection(SolutionConfigurationPlatforms) = preSolution
		Debug|Any CPU = Debug|Any CPU
		Release|Any CPU = Release|Any CPU
	EndGlobalSection
	GlobalSection(ProjectConfigurationPlatforms) = postSolution
		{FC1FC7CA-E068-4920-B86A-A2BDAA7B561E}.Debug|Any CPU.ActiveCfg = Debug|Any CPU
		{FC1FC7CA-E068-4920-B86A-A2BDAA7B561E}.Debug|Any CPU.Build.0 = Debug|Any CPU
		{FC1FC7CA-E068-4920-B86A-A2BDAA7B561E}.Release|Any CPU.ActiveCfg = Release|Any CPU
		{FC1FC7CA-E068-4920-B86A-A2BDAA7B561E}.Release|Any CPU.Build.0 = Release|Any CPU
	EndGlobalSection
	GlobalSection(SolutionProperties) = preSolution
		HideSolutionNode = FALSE
	EndGlobalSection
	GlobalSection(ExtensibilityGlobals) = postSolution
		SolutionGuid = {FD49F11E-8413-4226-80B0-33DA581A8100}
	EndGlobalSection
EndGlobal
